
Microsoft Visual Studio Solution File, Format Version 12.00
# Visual Studio Version 17
VisualStudioVersion = 17.5.33530.505
MinimumVisualStudioVersion = 10.0.40219.1
Project("{FAE04EC0-301F-11D3-BF4B-00C04F79EFBC}") = "Order Pool Report - 500 & 520", "Order Pool Report - 500 & 520\Order Pool Report - 500 & 520.csproj", "{89647E29-8D5B-4AF2-99D4-407F2BDF8BA9}"
EndProject
Global
	GlobalSection(SolutionConfigurationPlatforms) = preSolution
		Debug|Any CPU = Debug|Any CPU
		Release|Any CPU = Release|Any CPU
	EndGlobalSection
	GlobalSection(ProjectConfigurationPlatforms) = postSolution
		{89647E29-8D5B-4AF2-99D4-407F2BDF8BA9}.Debug|Any CPU.ActiveCfg = Debug|Any CPU
		{89647E29-8D5B-4AF2-99D4-407F2BDF8BA9}.Debug|Any CPU.Build.0 = Debug|Any CPU
		{89647E29-8D5B-4AF2-99D4-407F2BDF8BA9}.Release|Any CPU.ActiveCfg = Release|Any CPU
		{89647E29-8D5B-4AF2-99D4-407F2BDF8BA9}.Release|Any CPU.Build.0 = Release|Any CPU
	EndGlobalSection
	GlobalSection(SolutionProperties) = preSolution
		HideSolutionNode = FALSE
	EndGlobalSection
	GlobalSection(ExtensibilityGlobals) = postSolution
		SolutionGuid = {276C55E2-CB82-4493-98A2-ADAF85E14F8C}
	EndGlobalSection
EndGlobal
